
Microsoft Visual Studio Solution File, Format Version 12.00
# Visual Studio Version 17
VisualStudioVersion = 17.12.35521.163 d17.12
MinimumVisualStudioVersion = 10.0.40219.1
Project("{FAE04EC0-301F-11D3-BF4B-00C04F79EFBC}") = "OTacoRefuerzo", "OTacoRefuerzo.csproj", "{DFF5C4A5-83D5-47AD-87CE-8486C81AD4DF}"
EndProject
Global
	GlobalSection(SolutionConfigurationPlatforms) = preSolution
		Debug|Any CPU = Debug|Any CPU
		Release|Any CPU = Release|Any CPU
	EndGlobalSection
	GlobalSection(ProjectConfigurationPlatforms) = postSolution
		{DFF5C4A5-83D5-47AD-87CE-8486C81AD4DF}.Debug|Any CPU.ActiveCfg = Debug|Any CPU
		{DFF5C4A5-83D5-47AD-87CE-8486C81AD4DF}.Debug|Any CPU.Build.0 = Debug|Any CPU
		{DFF5C4A5-83D5-47AD-87CE-8486C81AD4DF}.Release|Any CPU.ActiveCfg = Release|Any CPU
		{DFF5C4A5-83D5-47AD-87CE-8486C81AD4DF}.Release|Any CPU.Build.0 = Release|Any CPU
	EndGlobalSection
	GlobalSection(SolutionProperties) = preSolution
		HideSolutionNode = FALSE
	EndGlobalSection
EndGlobal
